// !$*UTF8*$!
{
	archiveVersion = 1;
	classes = {
	};
	objectVersion = 50;
	objects = {

/* Begin PBXBuildFile section */
		305B964B23612DE9005CD0E1 /* AppDelegate.swift in Sources */ = {isa = PBXBuildFile; fileRef = 305B964A23612DE9005CD0E1 /* AppDelegate.swift */; };
		305B964D23612DE9005CD0E1 /* SceneDelegate.swift in Sources */ = {isa = PBXBuildFile; fileRef = 305B964C23612DE9005CD0E1 /* SceneDelegate.swift */; };
		305B964F23612DE9005CD0E1 /* ContentView.swift in Sources */ = {isa = PBXBuildFile; fileRef = 305B964E23612DE9005CD0E1 /* ContentView.swift */; };
		305B965123612DEC005CD0E1 /* Assets.xcassets in Resources */ = {isa = PBXBuildFile; fileRef = 305B965023612DEC005CD0E1 /* Assets.xcassets */; };
		305B965423612DEC005CD0E1 /* Preview Assets.xcassets in Resources */ = {isa = PBXBuildFile; fileRef = 305B965323612DEC005CD0E1 /* Preview Assets.xcassets */; };
		305B965723612DEC005CD0E1 /* LaunchScreen.storyboard in Resources */ = {isa = PBXBuildFile; fileRef = 305B965523612DEC005CD0E1 /* LaunchScreen.storyboard */; };
		305B966223612DEC005CD0E1 /* QuoteTests.swift in Sources */ = {isa = PBXBuildFile; fileRef = 305B966123612DEC005CD0E1 /* QuoteTests.swift */; };
		305B966D23612DEC005CD0E1 /* QuoteUITests.swift in Sources */ = {isa = PBXBuildFile; fileRef = 305B966C23612DEC005CD0E1 /* QuoteUITests.swift */; };
		30996EE22380A51200DF7C32 /* Quote.swift in Sources */ = {isa = PBXBuildFile; fileRef = 30996EE12380A51200DF7C32 /* Quote.swift */; };
/* End PBXBuildFile section */

/* Begin PBXContainerItemProxy section */
		305B965E23612DEC005CD0E1 /* PBXContainerItemProxy */ = {
			isa = PBXContainerItemProxy;
			containerPortal = 305B963F23612DE9005CD0E1 /* Project object */;
			proxyType = 1;
			remoteGlobalIDString = 305B964623612DE9005CD0E1;
			remoteInfo = Quote;
		};
		305B966923612DEC005CD0E1 /* PBXContainerItemProxy */ = {
			isa = PBXContainerItemProxy;
			containerPortal = 305B963F23612DE9005CD0E1 /* Project object */;
			proxyType = 1;
			remoteGlobalIDString = 305B964623612DE9005CD0E1;
			remoteInfo = Quote;
		};
/* End PBXContainerItemProxy section */

/* Begin PBXFileReference section */
		305B964723612DE9005CD0E1 /* Quote.app */ = {isa = PBXFileReference; explicitFileType = wrapper.application; includeInIndex = 0; path = Quote.app; sourceTree = BUILT_PRODUCTS_DIR; };
		305B964A23612DE9005CD0E1 /* AppDelegate.swift */ = {isa = PBXFileReference; lastKnownFileType = sourcecode.swift; path = AppDelegate.swift; sourceTree = "<group>"; };
		305B964C23612DE9005CD0E1 /* SceneDelegate.swift */ = {isa = PBXFileReference; lastKnownFileType = sourcecode.swift; path = SceneDelegate.swift; sourceTree = "<group>"; };
		305B964E23612DE9005CD0E1 /* ContentView.swift */ = {isa = PBXFileReference; lastKnownFileType = sourcecode.swift; path = ContentView.swift; sourceTree = "<group>"; };
		305B965023612DEC005CD0E1 /* Assets.xcassets */ = {isa = PBXFileReference; lastKnownFileType = folder.assetcatalog; path = Assets.xcassets; sourceTree = "<group>"; };
		305B965323612DEC005CD0E1 /* Preview Assets.xcassets */ = {isa = PBXFileReference; lastKnownFileType = folder.assetcatalog; path = "Preview Assets.xcassets"; sourceTree = "<group>"; };
		305B965623612DEC005CD0E1 /* Base */ = {isa = PBXFileReference; lastKnownFileType = file.storyboard; name = Base; path = Base.lproj/LaunchScreen.storyboard; sourceTree = "<group>"; };
		305B965823612DEC005CD0E1 /* Info.plist */ = {isa = PBXFileReference; lastKnownFileType = text.plist.xml; path = Info.plist; sourceTree = "<group>"; };
		305B965D23612DEC005CD0E1 /* QuoteTests.xctest */ = {isa = PBXFileReference; explicitFileType = wrapper.cfbundle; includeInIndex = 0; path = QuoteTests.xctest; sourceTree = BUILT_PRODUCTS_DIR; };
		305B966123612DEC005CD0E1 /* QuoteTests.swift */ = {isa = PBXFileReference; lastKnownFileType = sourcecode.swift; path = QuoteTests.swift; sourceTree = "<group>"; };
		305B966323612DEC005CD0E1 /* Info.plist */ = {isa = PBXFileReference; lastKnownFileType = text.plist.xml; path = Info.plist; sourceTree = "<group>"; };
		305B966823612DEC005CD0E1 /* QuoteUITests.xctest */ = {isa = PBXFileReference; explicitFileType = wrapper.cfbundle; includeInIndex = 0; path = QuoteUITests.xctest; sourceTree = BUILT_PRODUCTS_DIR; };
		305B966C23612DEC005CD0E1 /* QuoteUITests.swift */ = {isa = PBXFileReference; lastKnownFileType = sourcecode.swift; path = QuoteUITests.swift; sourceTree = "<group>"; };
		305B966E23612DEC005CD0E1 /* Info.plist */ = {isa = PBXFileReference; lastKnownFileType = text.plist.xml; path = Info.plist; sourceTree = "<group>"; };
		30996EE12380A51200DF7C32 /* Quote.swift */ = {isa = PBXFileReference; lastKnownFileType = sourcecode.swift; path = Quote.swift; sourceTree = "<group>"; };
/* End PBXFileReference section */

/* Begin PBXFrameworksBuildPhase section */
		305B964423612DE9005CD0E1 /* Frameworks */ = {
			isa = PBXFrameworksBuildPhase;
			buildActionMask = 2147483647;
			files = (
			);
			runOnlyForDeploymentPostprocessing = 0;
		};
		305B965A23612DEC005CD0E1 /* Frameworks */ = {
			isa = PBXFrameworksBuildPhase;
			buildActionMask = 2147483647;
			files = (
			);
			runOnlyForDeploymentPostprocessing = 0;
		};
		305B966523612DEC005CD0E1 /* Frameworks */ = {
			isa = PBXFrameworksBuildPhase;
			buildActionMask = 2147483647;
			files = (
			);
			runOnlyForDeploymentPostprocessing = 0;
		};
/* End PBXFrameworksBuildPhase section */

/* Begin PBXGroup section */
		305B963E23612DE9005CD0E1 = {
			isa = PBXGroup;
			children = (
				305B964923612DE9005CD0E1 /* Quote */,
				305B966023612DEC005CD0E1 /* QuoteTests */,
				305B966B23612DEC005CD0E1 /* QuoteUITests */,
				305B964823612DE9005CD0E1 /* Products */,
			);
			sourceTree = "<group>";
		};
		305B964823612DE9005CD0E1 /* Products */ = {
			isa = PBXGroup;
			children = (
				305B964723612DE9005CD0E1 /* Quote.app */,
				305B965D23612DEC005CD0E1 /* QuoteTests.xctest */,
				305B966823612DEC005CD0E1 /* QuoteUITests.xctest */,
			);
			name = Products;
			sourceTree = "<group>";
		};
		305B964923612DE9005CD0E1 /* Quote */ = {
			isa = PBXGroup;
			children = (
				305B964A23612DE9005CD0E1 /* AppDelegate.swift */,
				305B964C23612DE9005CD0E1 /* SceneDelegate.swift */,
				30996EE12380A51200DF7C32 /* Quote.swift */,
				305B964E23612DE9005CD0E1 /* ContentView.swift */,
				305B965023612DEC005CD0E1 /* Assets.xcassets */,
				305B965523612DEC005CD0E1 /* LaunchScreen.storyboard */,
				305B965823612DEC005CD0E1 /* Info.plist */,
				305B965223612DEC005CD0E1 /* Preview Content */,
			);
			path = Quote;
			sourceTree = "<group>";
		};
		305B965223612DEC005CD0E1 /* Preview Content */ = {
			isa = PBXGroup;
			children = (
				305B965323612DEC005CD0E1 /* Preview Assets.xcassets */,
			);
			path = "Preview Content";
			sourceTree = "<group>";
		};
		305B966023612DEC005CD0E1 /* QuoteTests */ = {
			isa = PBXGroup;
			children = (
				305B966123612DEC005CD0E1 /* QuoteTests.swift */,
				305B966323612DEC005CD0E1 /* Info.plist */,
			);
			path = QuoteTests;
			sourceTree = "<group>";
		};
		305B966B23612DEC005CD0E1 /* QuoteUITests */ = {
			isa = PBXGroup;
			children = (
				305B966C23612DEC005CD0E1 /* QuoteUITests.swift */,
				305B966E23612DEC005CD0E1 /* Info.plist */,
			);
			path = QuoteUITests;
			sourceTree = "<group>";
		};
/* End PBXGroup section */

/* Begin PBXNativeTarget section */
		305B964623612DE9005CD0E1 /* Quote */ = {
			isa = PBXNativeTarget;
			buildConfigurationList = 305B967123612DEC005CD0E1 /* Build configuration list for PBXNativeTarget "Quote" */;
			buildPhases = (
				305B964323612DE9005CD0E1 /* Sources */,
				305B964423612DE9005CD0E1 /* Frameworks */,
				305B964523612DE9005CD0E1 /* Resources */,
			);
			buildRules = (
			);
			dependencies = (
			);
			name = Quote;
			productName = Quote;
			productReference = 305B964723612DE9005CD0E1 /* Quote.app */;
			productType = "com.apple.product-type.application";
		};
		305B965C23612DEC005CD0E1 /* QuoteTests */ = {
			isa = PBXNativeTarget;
			buildConfigurationList = 305B967423612DEC005CD0E1 /* Build configuration list for PBXNativeTarget "QuoteTests" */;
			buildPhases = (
				305B965923612DEC005CD0E1 /* Sources */,
				305B965A23612DEC005CD0E1 /* Frameworks */,
				305B965B23612DEC005CD0E1 /* Resources */,
			);
			buildRules = (
			);
			dependencies = (
				305B965F23612DEC005CD0E1 /* PBXTargetDependency */,
			);
			name = QuoteTests;
			productName = QuoteTests;
			productReference = 305B965D23612DEC005CD0E1 /* QuoteTests.xctest */;
			productType = "com.apple.product-type.bundle.unit-test";
		};
		305B966723612DEC005CD0E1 /* QuoteUITests */ = {
			isa = PBXNativeTarget;
			buildConfigurationList = 305B967723612DEC005CD0E1 /* Build configuration list for PBXNativeTarget "QuoteUITests" */;
			buildPhases = (
				305B966423612DEC005CD0E1 /* Sources */,
				305B966523612DEC005CD0E1 /* Frameworks */,
				305B966623612DEC005CD0E1 /* Resources */,
			);
			buildRules = (
			);
			dependencies = (
				305B966A23612DEC005CD0E1 /* PBXTargetDependency */,
			);
			name = QuoteUITests;
			productName = QuoteUITests;
			productReference = 305B966823612DEC005CD0E1 /* QuoteUITests.xctest */;
			productType = "com.apple.product-type.bundle.ui-testing";
		};
/* End PBXNativeTarget section */

/* Begin PBXProject section */
		305B963F23612DE9005CD0E1 /* Project object */ = {
			isa = PBXProject;
			attributes = {
				LastSwiftUpdateCheck = 1110;
				LastUpgradeCheck = 1110;
				ORGANIZATIONNAME = "Luan Nguyen";
				TargetAttributes = {
					305B964623612DE9005CD0E1 = {
						CreatedOnToolsVersion = 11.1;
					};
					305B965C23612DEC005CD0E1 = {
						CreatedOnToolsVersion = 11.1;
						TestTargetID = 305B964623612DE9005CD0E1;
					};
					305B966723612DEC005CD0E1 = {
						CreatedOnToolsVersion = 11.1;
						TestTargetID = 305B964623612DE9005CD0E1;
					};
				};
			};
			buildConfigurationList = 305B964223612DE9005CD0E1 /* Build configuration list for PBXProject "Quote" */;
			compatibilityVersion = "Xcode 9.3";
			developmentRegion = en;
			hasScannedForEncodings = 0;
			knownRegions = (
				en,
				Base,
			);
			mainGroup = 305B963E23612DE9005CD0E1;
			productRefGroup = 305B964823612DE9005CD0E1 /* Products */;
			projectDirPath = "";
			projectRoot = "";
			targets = (
				305B964623612DE9005CD0E1 /* Quote */,
				305B965C23612DEC005CD0E1 /* QuoteTests */,
				305B966723612DEC005CD0E1 /* QuoteUITests */,
			);
		};
/* End PBXProject section */

/* Begin PBXResourcesBuildPhase section */
		305B964523612DE9005CD0E1 /* Resources */ = {
			isa = PBXResourcesBuildPhase;
			buildActionMask = 2147483647;
			files = (
				305B965723612DEC005CD0E1 /* LaunchScreen.storyboard in Resources */,
				305B965423612DEC005CD0E1 /* Preview Assets.xcassets in Resources */,
				305B965123612DEC005CD0E1 /* Assets.xcassets in Resources */,
			);
			runOnlyForDeploymentPostprocessing = 0;
		};
		305B965B23612DEC005CD0E1 /* Resources */ = {
			isa = PBXResourcesBuildPhase;
			buildActionMask = 2147483647;
			files = (
			);
			runOnlyForDeploymentPostprocessing = 0;
		};
		305B966623612DEC005CD0E1 /* Resources */ = {
			isa = PBXResourcesBuildPhase;
			buildActionMask = 2147483647;
			files = (
			);
			runOnlyForDeploymentPostprocessing = 0;
		};
/* End PBXResourcesBuildPhase section */

/* Begin PBXSourcesBuildPhase section */
		305B964323612DE9005CD0E1 /* Sources */ = {
			isa = PBXSourcesBuildPhase;
			buildActionMask = 2147483647;
			files = (
				30996EE22380A51200DF7C32 /* Quote.swift in Sources */,
				305B964B23612DE9005CD0E1 /* AppDelegate.swift in Sources */,
				305B964D23612DE9005CD0E1 /* SceneDelegate.swift in Sources */,
				305B964F23612DE9005CD0E1 /* ContentView.swift in Sources */,
			);
			runOnlyForDeploymentPostprocessing = 0;
		};
		305B965923612DEC005CD0E1 /* Sources */ = {
			isa = PBXSourcesBuildPhase;
			buildActionMask = 2147483647;
			files = (
				305B966223612DEC005CD0E1 /* QuoteTests.swift in Sources */,
			);
			runOnlyForDeploymentPostprocessing = 0;
		};
		305B966423612DEC005CD0E1 /* Sources */ = {
			isa = PBXSourcesBuildPhase;
			buildActionMask = 2147483647;
			files = (
				305B966D23612DEC005CD0E1 /* QuoteUITests.swift in Sources */,
			);
			runOnlyForDeploymentPostprocessing = 0;
		};
/* End PBXSourcesBuildPhase section */

/* Begin PBXTargetDependency section */
		305B965F23612DEC005CD0E1 /* PBXTargetDependency */ = {
			isa = PBXTargetDependency;
			target = 305B964623612DE9005CD0E1 /* Quote */;
			targetProxy = 305B965E23612DEC005CD0E1 /* PBXContainerItemProxy */;
		};
		305B966A23612DEC005CD0E1 /* PBXTargetDependency */ = {
			isa = PBXTargetDependency;
			target = 305B964623612DE9005CD0E1 /* Quote */;
			targetProxy = 305B966923612DEC005CD0E1 /* PBXContainerItemProxy */;
		};
/* End PBXTargetDependency section */

/* Begin PBXVariantGroup section */
		305B965523612DEC005CD0E1 /* LaunchScreen.storyboard */ = {
			isa = PBXVariantGroup;
			children = (
				305B965623612DEC005CD0E1 /* Base */,
			);
			name = LaunchScreen.storyboard;
			sourceTree = "<group>";
		};
/* End PBXVariantGroup section */

/* Begin XCBuildConfiguration section */
		305B966F23612DEC005CD0E1 /* Debug */ = {
			isa = XCBuildConfiguration;
			buildSettings = {
				ALWAYS_SEARCH_USER_PATHS = NO;
				CLANG_ANALYZER_NONNULL = YES;
				CLANG_ANALYZER_NUMBER_OBJECT_CONVERSION = YES_AGGRESSIVE;
				CLANG_CXX_LANGUAGE_STANDARD = "gnu++14";
				CLANG_CXX_LIBRARY = "libc++";
				CLANG_ENABLE_MODULES = YES;
				CLANG_ENABLE_OBJC_ARC = YES;
				CLANG_ENABLE_OBJC_WEAK = YES;
				CLANG_WARN_BLOCK_CAPTURE_AUTORELEASING = YES;
				CLANG_WARN_BOOL_CONVERSION = YES;
				CLANG_WARN_COMMA = YES;
				CLANG_WARN_CONSTANT_CONVERSION = YES;
				CLANG_WARN_DEPRECATED_OBJC_IMPLEMENTATIONS = YES;
				CLANG_WARN_DIRECT_OBJC_ISA_USAGE = YES_ERROR;
				CLANG_WARN_DOCUMENTATION_COMMENTS = YES;
				CLANG_WARN_EMPTY_BODY = YES;
				CLANG_WARN_ENUM_CONVERSION = YES;
				CLANG_WARN_INFINITE_RECURSION = YES;
				CLANG_WARN_INT_CONVERSION = YES;
				CLANG_WARN_NON_LITERAL_NULL_CONVERSION = YES;
				CLANG_WARN_OBJC_IMPLICIT_RETAIN_SELF = YES;
				CLANG_WARN_OBJC_LITERAL_CONVERSION = YES;
				CLANG_WARN_OBJC_ROOT_CLASS = YES_ERROR;
				CLANG_WARN_RANGE_LOOP_ANALYSIS = YES;
				CLANG_WARN_STRICT_PROTOTYPES = YES;
				CLANG_WARN_SUSPICIOUS_MOVE = YES;
				CLANG_WARN_UNGUARDED_AVAILABILITY = YES_AGGRESSIVE;
				CLANG_WARN_UNREACHABLE_CODE = YES;
				CLANG_WARN__DUPLICATE_METHOD_MATCH = YES;
				COPY_PHASE_STRIP = NO;
				DEBUG_INFORMATION_FORMAT = dwarf;
				ENABLE_STRICT_OBJC_MSGSEND = YES;
				ENABLE_TESTABILITY = YES;
				GCC_C_LANGUAGE_STANDARD = gnu11;
				GCC_DYNAMIC_NO_PIC = NO;
				GCC_NO_COMMON_BLOCKS = YES;
				GCC_OPTIMIZATION_LEVEL = 0;
				GCC_PREPROCESSOR_DEFINITIONS = (
					"DEBUG=1",
					"$(inherited)",
				);
				GCC_WARN_64_TO_32_BIT_CONVERSION = YES;
				GCC_WARN_ABOUT_RETURN_TYPE = YES_ERROR;
				GCC_WARN_UNDECLARED_SELECTOR = YES;
				GCC_WARN_UNINITIALIZED_AUTOS = YES_AGGRESSIVE;
				GCC_WARN_UNUSED_FUNCTION = YES;
				GCC_WARN_UNUSED_VARIABLE = YES;
				IPHONEOS_DEPLOYMENT_TARGET = 13.1;
				MTL_ENABLE_DEBUG_INFO = INCLUDE_SOURCE;
				MTL_FAST_MATH = YES;
				ONLY_ACTIVE_ARCH = YES;
				SDKROOT = iphoneos;
				SWIFT_ACTIVE_COMPILATION_CONDITIONS = DEBUG;
				SWIFT_OPTIMIZATION_LEVEL = "-Onone";
			};
			name = Debug;
		};
		305B967023612DEC005CD0E1 /* Release */ = {
			isa = XCBuildConfiguration;
			buildSettings = {
				ALWAYS_SEARCH_USER_PATHS = NO;
				CLANG_ANALYZER_NONNULL = YES;
				CLANG_ANALYZER_NUMBER_OBJECT_CONVERSION = YES_AGGRESSIVE;
				CLANG_CXX_LANGUAGE_STANDARD = "gnu++14";
				CLANG_CXX_LIBRARY = "libc++";
				CLANG_ENABLE_MODULES = YES;
				CLANG_ENABLE_OBJC_ARC = YES;
				CLANG_ENABLE_OBJC_WEAK = YES;
				CLANG_WARN_BLOCK_CAPTURE_AUTORELEASING = YES;
				CLANG_WARN_BOOL_CONVERSION = YES;
				CLANG_WARN_COMMA = YES;
				CLANG_WARN_CONSTANT_CONVERSION = YES;
				CLANG_WARN_DEPRECATED_OBJC_IMPLEMENTATIONS = YES;
				CLANG_WARN_DIRECT_OBJC_ISA_USAGE = YES_ERROR;
				CLANG_WARN_DOCUMENTATION_COMMENTS = YES;
				CLANG_WARN_EMPTY_BODY = YES;
				CLANG_WARN_ENUM_CONVERSION = YES;
				CLANG_WARN_INFINITE_RECURSION = YES;
				CLANG_WARN_INT_CONVERSION = YES;
				CLANG_WARN_NON_LITERAL_NULL_CONVERSION = YES;
				CLANG_WARN_OBJC_IMPLICIT_RETAIN_SELF = YES;
				CLANG_WARN_OBJC_LITERAL_CONVERSION = YES;
				CLANG_WARN_OBJC_ROOT_CLASS = YES_ERROR;
				CLANG_WARN_RANGE_LOOP_ANALYSIS = YES;
				CLANG_WARN_STRICT_PROTOTYPES = YES;
				CLANG_WARN_SUSPICIOUS_MOVE = YES;
				CLANG_WARN_UNGUARDED_AVAILABILITY = YES_AGGRESSIVE;
				CLANG_WARN_UNREACHABLE_CODE = YES;
				CLANG_WARN__DUPLICATE_METHOD_MATCH = YES;
				COPY_PHASE_STRIP = NO;
				DEBUG_INFORMATION_FORMAT = "dwarf-with-dsym";
				ENABLE_NS_ASSERTIONS = NO;
				ENABLE_STRICT_OBJC_MSGSEND = YES;
				GCC_C_LANGUAGE_STANDARD = gnu11;
				GCC_NO_COMMON_BLOCKS = YES;
				GCC_WARN_64_TO_32_BIT_CONVERSION = YES;
				GCC_WARN_ABOUT_RETURN_TYPE = YES_ERROR;
				GCC_WARN_UNDECLARED_SELECTOR = YES;
				GCC_WARN_UNINITIALIZED_AUTOS = YES_AGGRESSIVE;
				GCC_WARN_UNUSED_FUNCTION = YES;
				GCC_WARN_UNUSED_VARIABLE = YES;
				IPHONEOS_DEPLOYMENT_TARGET = 13.1;
				MTL_ENABLE_DEBUG_INFO = NO;
				MTL_FAST_MATH = YES;
				SDKROOT = iphoneos;
				SWIFT_COMPILATION_MODE = wholemodule;
				SWIFT_OPTIMIZATION_LEVEL = "-O";
				VALIDATE_PRODUCT = YES;
			};
			name = Release;
		};
		305B967223612DEC005CD0E1 /* Debug */ = {
			isa = XCBuildConfiguration;
			buildSettings = {
				CODE_SIGN_STYLE = Automatic;
				DEVELOPMENT_ASSET_PATHS = "\"Quote/Preview Content\"";
				DEVELOPMENT_TEAM = NA28V729GF;
				ENABLE_PREVIEWS = YES;
				INFOPLIST_FILE = Quote/Info.plist;
				LD_RUNPATH_SEARCH_PATHS = (
					"$(inherited)",
					"@executable_path/Frameworks",
				);
				PRODUCT_BUNDLE_IDENTIFIER = Saigon.Quote;
				PRODUCT_NAME = "$(TARGET_NAME)";
				SWIFT_VERSION = 5.0;
				TARGETED_DEVICE_FAMILY = "1,2";
			};
			name = Debug;
		};
		305B967323612DEC005CD0E1 /* Release */ = {
			isa = XCBuildConfiguration;
			buildSettings = {
				CODE_SIGN_STYLE = Automatic;
				DEVELOPMENT_ASSET_PATHS = "\"Quote/Preview Content\"";
				DEVELOPMENT_TEAM = NA28V729GF;
				ENABLE_PREVIEWS = YES;
				INFOPLIST_FILE = Quote/Info.plist;
				LD_RUNPATH_SEARCH_PATHS = (
					"$(inherited)",
					"@executable_path/Frameworks",
				);
				PRODUCT_BUNDLE_IDENTIFIER = Saigon.Quote;
				PRODUCT_NAME = "$(TARGET_NAME)";
				SWIFT_VERSION = 5.0;
				TARGETED_DEVICE_FAMILY = "1,2";
			};
			name = Release;
		};
		305B967523612DEC005CD0E1 /* Debug */ = {
			isa = XCBuildConfiguration;
			buildSettings = {
				ALWAYS_EMBED_SWIFT_STANDARD_LIBRARIES = YES;
				BUNDLE_LOADER = "$(TEST_HOST)";
				CODE_SIGN_STYLE = Automatic;
				DEVELOPMENT_TEAM = NA28V729GF;
				INFOPLIST_FILE = QuoteTests/Info.plist;
				IPHONEOS_DEPLOYMENT_TARGET = 13.1;
				LD_RUNPATH_SEARCH_PATHS = (
					"$(inherited)",
					"@executable_path/Frameworks",
					"@loader_path/Frameworks",
				);
				PRODUCT_BUNDLE_IDENTIFIER = Saigon.QuoteTests;
				PRODUCT_NAME = "$(TARGET_NAME)";
				SWIFT_VERSION = 5.0;
				TARGETED_DEVICE_FAMILY = "1,2";
				TEST_HOST = "$(BUILT_PRODUCTS_DIR)/Quote.app/Quote";
			};
			name = Debug;
		};
		305B967623612DEC005CD0E1 /* Release */ = {
			isa = XCBuildConfiguration;
			buildSettings = {
				ALWAYS_EMBED_SWIFT_STANDARD_LIBRARIES = YES;
				BUNDLE_LOADER = "$(TEST_HOST)";
				CODE_SIGN_STYLE = Automatic;
				DEVELOPMENT_TEAM = NA28V729GF;
				INFOPLIST_FILE = QuoteTests/Info.plist;
				IPHONEOS_DEPLOYMENT_TARGET = 13.1;
				LD_RUNPATH_SEARCH_PATHS = (
					"$(inherited)",
					"@executable_path/Frameworks",
					"@loader_path/Frameworks",
				);
				PRODUCT_BUNDLE_IDENTIFIER = Saigon.QuoteTests;
				PRODUCT_NAME = "$(TARGET_NAME)";
				SWIFT_VERSION = 5.0;
				TARGETED_DEVICE_FAMILY = "1,2";
				TEST_HOST = "$(BUILT_PRODUCTS_DIR)/Quote.app/Quote";
			};
			name = Release;
		};
		305B967823612DEC005CD0E1 /* Debug */ = {
			isa = XCBuildConfiguration;
			buildSettings = {
				ALWAYS_EMBED_SWIFT_STANDARD_LIBRARIES = YES;
				CODE_SIGN_STYLE = Automatic;
				DEVELOPMENT_TEAM = NA28V729GF;
				INFOPLIST_FILE = QuoteUITests/Info.plist;
				LD_RUNPATH_SEARCH_PATHS = (
					"$(inherited)",
					"@executable_path/Frameworks",
					"@loader_path/Frameworks",
				);
				PRODUCT_BUNDLE_IDENTIFIER = Saigon.QuoteUITests;
				PRODUCT_NAME = "$(TARGET_NAME)";
				SWIFT_VERSION = 5.0;
				TARGETED_DEVICE_FAMILY = "1,2";
				TEST_TARGET_NAME = Quote;
			};
			name = Debug;
		};
		305B967923612DEC005CD0E1 /* Release */ = {
			isa = XCBuildConfiguration;
			buildSettings = {
				ALWAYS_EMBED_SWIFT_STANDARD_LIBRARIES = YES;
				CODE_SIGN_STYLE = Automatic;
				DEVELOPMENT_TEAM = NA28V729GF;
				INFOPLIST_FILE = QuoteUITests/Info.plist;
				LD_RUNPATH_SEARCH_PATHS = (
					"$(inherited)",
					"@executable_path/Frameworks",
					"@loader_path/Frameworks",
				);
				PRODUCT_BUNDLE_IDENTIFIER = Saigon.QuoteUITests;
				PRODUCT_NAME = "$(TARGET_NAME)";
				SWIFT_VERSION = 5.0;
				TARGETED_DEVICE_FAMILY = "1,2";
				TEST_TARGET_NAME = Quote;
			};
			name = Release;
		};
/* End XCBuildConfiguration section */

/* Begin XCConfigurationList section */
		305B964223612DE9005CD0E1 /* Build configuration list for PBXProject "Quote" */ = {
			isa = XCConfigurationList;
			buildConfigurations = (
				305B966F23612DEC005CD0E1 /* Debug */,
				305B967023612DEC005CD0E1 /* Release */,
			);
			defaultConfigurationIsVisible = 0;
			defaultConfigurationName = Release;
		};
		305B967123612DEC005CD0E1 /* Build configuration list for PBXNativeTarget "Quote" */ = {
			isa = XCConfigurationList;
			buildConfigurations = (
				305B967223612DEC005CD0E1 /* Debug */,
				305B967323612DEC005CD0E1 /* Release */,
			);
			defaultConfigurationIsVisible = 0;
			defaultConfigurationName = Release;
		};
		305B967423612DEC005CD0E1 /* Build configuration list for PBXNativeTarget "QuoteTests" */ = {
			isa = XCConfigurationList;
			buildConfigurations = (
				305B967523612DEC005CD0E1 /* Debug */,
				305B967623612DEC005CD0E1 /* Release */,
			);
			defaultConfigurationIsVisible = 0;
			defaultConfigurationName = Release;
		};
		305B967723612DEC005CD0E1 /* Build configuration list for PBXNativeTarget "QuoteUITests" */ = {
			isa = XCConfigurationList;
			buildConfigurations = (
				305B967823612DEC005CD0E1 /* Debug */,
				305B967923612DEC005CD0E1 /* Release */,
			);
			defaultConfigurationIsVisible = 0;
			defaultConfigurationName = Release;
		};
/* End XCConfigurationList section */
	};
	rootObject = 305B963F23612DE9005CD0E1 /* Project object */;
}
